
Microsoft Visual Studio Solution File, Format Version 12.00
# Visual Studio Version 17
VisualStudioVersion = 17.6.33829.357
MinimumVisualStudioVersion = 10.0.40219.1
Project("{2150E333-8FDC-42A3-9474-1A3956D46DE8}") = "BusinessLogicLayer", "BusinessLogicLayer", "{55DB2431-C9F8-49D9-BFD3-884E1DDD6501}"
EndProject
Project("{2150E333-8FDC-42A3-9474-1A3956D46DE8}") = "DataAccessLayer", "DataAccessLayer", "{6C1D25FC-1A6C-462F-85E2-415B1D8BC5A6}"
EndProject
Project("{2150E333-8FDC-42A3-9474-1A3956D46DE8}") = "PresentationLayer", "PresentationLayer", "{BAFB8343-0581-457D-993F-0F3FA72DDD31}"
EndProject
Project("{2150E333-8FDC-42A3-9474-1A3956D46DE8}") = "Common", "Common", "{ECECA89A-F3E1-4DFF-AD60-73CC102C8FE6}"
EndProject
Project("{FAE04EC0-301F-11D3-BF4B-00C04F79EFBC}") = "Note.Model", "Note.Model\Note.Model.csproj", "{1C9E3229-55EE-4CB6-BEA5-7476588DB05B}"
EndProject
Project("{FAE04EC0-301F-11D3-BF4B-00C04F79EFBC}") = "Note.DAL", "Note.DAL\Note.DAL.csproj", "{440B126D-2097-4EC3-B78A-09AE8847DA77}"
EndProject
Project("{FAE04EC0-301F-11D3-BF4B-00C04F79EFBC}") = "Note.IDAL", "Note.IDAL\Note.IDAL.csproj", "{3EFED31E-0B33-4058-BC07-D22FF69CC22E}"
EndProject
Project("{FAE04EC0-301F-11D3-BF4B-00C04F79EFBC}") = "Note.BLL", "Note.BLL\Note.BLL.csproj", "{8960CF72-1D17-4299-B802-FABD5EB52AA2}"
EndProject
Project("{FAE04EC0-301F-11D3-BF4B-00C04F79EFBC}") = "Note.MVC6", "Note.MVC6\Note.MVC6.csproj", "{62DD267A-CF74-4216-ABA2-2BC2B0F3A688}"
EndProject
Project("{FAE04EC0-301F-11D3-BF4B-00C04F79EFBC}") = "Note.Oracle.DAL", "Note.Oracle.DAL\Note.Oracle.DAL.csproj", "{8AAF7B84-61F8-4C74-8321-1ECEE4C6CA26}"
EndProject
Global
	GlobalSection(SolutionConfigurationPlatforms) = preSolution
		Debug|Any CPU = Debug|Any CPU
		Release|Any CPU = Release|Any CPU
	EndGlobalSection
	GlobalSection(ProjectConfigurationPlatforms) = postSolution
		{1C9E3229-55EE-4CB6-BEA5-7476588DB05B}.Debug|Any CPU.ActiveCfg = Debug|Any CPU
		{1C9E3229-55EE-4CB6-BEA5-7476588DB05B}.Debug|Any CPU.Build.0 = Debug|Any CPU
		{1C9E3229-55EE-4CB6-BEA5-7476588DB05B}.Release|Any CPU.ActiveCfg = Release|Any CPU
		{1C9E3229-55EE-4CB6-BEA5-7476588DB05B}.Release|Any CPU.Build.0 = Release|Any CPU
		{440B126D-2097-4EC3-B78A-09AE8847DA77}.Debug|Any CPU.ActiveCfg = Debug|Any CPU
		{440B126D-2097-4EC3-B78A-09AE8847DA77}.Debug|Any CPU.Build.0 = Debug|Any CPU
		{440B126D-2097-4EC3-B78A-09AE8847DA77}.Release|Any CPU.ActiveCfg = Release|Any CPU
		{440B126D-2097-4EC3-B78A-09AE8847DA77}.Release|Any CPU.Build.0 = Release|Any CPU
		{3EFED31E-0B33-4058-BC07-D22FF69CC22E}.Debug|Any CPU.ActiveCfg = Debug|Any CPU
		{3EFED31E-0B33-4058-BC07-D22FF69CC22E}.Debug|Any CPU.Build.0 = Debug|Any CPU
		{3EFED31E-0B33-4058-BC07-D22FF69CC22E}.Release|Any CPU.ActiveCfg = Release|Any CPU
		{3EFED31E-0B33-4058-BC07-D22FF69CC22E}.Release|Any CPU.Build.0 = Release|Any CPU
		{8960CF72-1D17-4299-B802-FABD5EB52AA2}.Debug|Any CPU.ActiveCfg = Debug|Any CPU
		{8960CF72-1D17-4299-B802-FABD5EB52AA2}.Debug|Any CPU.Build.0 = Debug|Any CPU
		{8960CF72-1D17-4299-B802-FABD5EB52AA2}.Release|Any CPU.ActiveCfg = Release|Any CPU
		{8960CF72-1D17-4299-B802-FABD5EB52AA2}.Release|Any CPU.Build.0 = Release|Any CPU
		{62DD267A-CF74-4216-ABA2-2BC2B0F3A688}.Debug|Any CPU.ActiveCfg = Debug|Any CPU
		{62DD267A-CF74-4216-ABA2-2BC2B0F3A688}.Debug|Any CPU.Build.0 = Debug|Any CPU
		{62DD267A-CF74-4216-ABA2-2BC2B0F3A688}.Release|Any CPU.ActiveCfg = Release|Any CPU
		{62DD267A-CF74-4216-ABA2-2BC2B0F3A688}.Release|Any CPU.Build.0 = Release|Any CPU
		{8AAF7B84-61F8-4C74-8321-1ECEE4C6CA26}.Debug|Any CPU.ActiveCfg = Debug|Any CPU
		{8AAF7B84-61F8-4C74-8321-1ECEE4C6CA26}.Debug|Any CPU.Build.0 = Debug|Any CPU
		{8AAF7B84-61F8-4C74-8321-1ECEE4C6CA26}.Release|Any CPU.ActiveCfg = Release|Any CPU
		{8AAF7B84-61F8-4C74-8321-1ECEE4C6CA26}.Release|Any CPU.Build.0 = Release|Any CPU
	EndGlobalSection
	GlobalSection(SolutionProperties) = preSolution
		HideSolutionNode = FALSE
	EndGlobalSection
	GlobalSection(NestedProjects) = preSolution
		{1C9E3229-55EE-4CB6-BEA5-7476588DB05B} = {ECECA89A-F3E1-4DFF-AD60-73CC102C8FE6}
		{440B126D-2097-4EC3-B78A-09AE8847DA77} = {6C1D25FC-1A6C-462F-85E2-415B1D8BC5A6}
		{3EFED31E-0B33-4058-BC07-D22FF69CC22E} = {6C1D25FC-1A6C-462F-85E2-415B1D8BC5A6}
		{8960CF72-1D17-4299-B802-FABD5EB52AA2} = {55DB2431-C9F8-49D9-BFD3-884E1DDD6501}
		{62DD267A-CF74-4216-ABA2-2BC2B0F3A688} = {BAFB8343-0581-457D-993F-0F3FA72DDD31}
		{8AAF7B84-61F8-4C74-8321-1ECEE4C6CA26} = {6C1D25FC-1A6C-462F-85E2-415B1D8BC5A6}
	EndGlobalSection
	GlobalSection(ExtensibilityGlobals) = postSolution
		SolutionGuid = {4486E264-50A3-4A0B-9EAF-13B94D417F40}
	EndGlobalSection
EndGlobal
